
Microsoft Visual Studio Solution File, Format Version 12.00
# Visual Studio Version 16
VisualStudioVersion = 16.0.29209.62
MinimumVisualStudioVersion = 10.0.40219.1
Project("{FAE04EC0-301F-11D3-BF4B-00C04F79EFBC}") = "Geta.GoogleProductFeed", "src\Geta.GoogleProductFeed\Geta.GoogleProductFeed.csproj", "{B1EBEFD4-EC96-4184-8E83-A4989DAB73CD}"
EndProject
Project("{2150E333-8FDC-42A3-9474-1A3956D46DE8}") = "Solution Items", "Solution Items", "{CE4CB04D-7228-46CD-97B3-84BA95D7166D}"
	ProjectSection(SolutionItems) = preProject
		CHANGELOG.md = CHANGELOG.md
		LICENSE = LICENSE
		README.md = README.md
	EndProjectSection
EndProject
Global
	GlobalSection(SolutionConfigurationPlatforms) = preSolution
		CA|Any CPU = CA|Any CPU
		Debug|Any CPU = Debug|Any CPU
		Release|Any CPU = Release|Any CPU
	EndGlobalSection
	GlobalSection(ProjectConfigurationPlatforms) = postSolution
		{B1EBEFD4-EC96-4184-8E83-A4989DAB73CD}.CA|Any CPU.ActiveCfg = Release|Any CPU
		{B1EBEFD4-EC96-4184-8E83-A4989DAB73CD}.CA|Any CPU.Build.0 = Release|Any CPU
		{B1EBEFD4-EC96-4184-8E83-A4989DAB73CD}.Debug|Any CPU.ActiveCfg = Debug|Any CPU
		{B1EBEFD4-EC96-4184-8E83-A4989DAB73CD}.Debug|Any CPU.Build.0 = Debug|Any CPU
		{B1EBEFD4-EC96-4184-8E83-A4989DAB73CD}.Release|Any CPU.ActiveCfg = Release|Any CPU
		{B1EBEFD4-EC96-4184-8E83-A4989DAB73CD}.Release|Any CPU.Build.0 = Release|Any CPU
	EndGlobalSection
	GlobalSection(SolutionProperties) = preSolution
		HideSolutionNode = FALSE
	EndGlobalSection
	GlobalSection(ExtensibilityGlobals) = postSolution
		SolutionGuid = {CB4726F2-BF0A-4096-A35C-08BBFD2052E9}
	EndGlobalSection
EndGlobal
