
Microsoft Visual Studio Solution File, Format Version 12.00
# Visual Studio Version 16
VisualStudioVersion = 16.0.29201.188
MinimumVisualStudioVersion = 10.0.40219.1
Project("{FAE04EC0-301F-11D3-BF4B-00C04F79EFBC}") = "Geta.GoogleProductFeed", "src\Geta.GoogleProductFeed\Geta.GoogleProductFeed.csproj", "{B1EBEFD4-EC96-4184-8E83-A4989DAB73CD}"
EndProject
Project("{2150E333-8FDC-42A3-9474-1A3956D46DE8}") = "Solution Items", "Solution Items", "{B881C109-FA0A-49D4-AE87-F1E0CCA9BFEB}"
	ProjectSection(SolutionItems) = preProject
		CHANGELOG.md = CHANGELOG.md
		README.md = README.md
	EndProjectSection
EndProject
Global
	GlobalSection(SolutionConfigurationPlatforms) = preSolution
		Debug|Any CPU = Debug|Any CPU
		Release|Any CPU = Release|Any CPU
	EndGlobalSection
	GlobalSection(ProjectConfigurationPlatforms) = postSolution
		{B1EBEFD4-EC96-4184-8E83-A4989DAB73CD}.Debug|Any CPU.ActiveCfg = Debug|Any CPU
		{B1EBEFD4-EC96-4184-8E83-A4989DAB73CD}.Debug|Any CPU.Build.0 = Debug|Any CPU
		{B1EBEFD4-EC96-4184-8E83-A4989DAB73CD}.Release|Any CPU.ActiveCfg = Release|Any CPU
		{B1EBEFD4-EC96-4184-8E83-A4989DAB73CD}.Release|Any CPU.Build.0 = Release|Any CPU
	EndGlobalSection
	GlobalSection(SolutionProperties) = preSolution
		HideSolutionNode = FALSE
	EndGlobalSection
	GlobalSection(ExtensibilityGlobals) = postSolution
		SolutionGuid = {382332D6-9D92-43E7-8C83-61BE9926BDD5}
	EndGlobalSection
EndGlobal
